
Microsoft Visual Studio Solution File, Format Version 12.00
# Visual Studio Version 17
VisualStudioVersion = 17.14.36414.22 d17.14
MinimumVisualStudioVersion = 10.0.40219.1
Project("{FAE04EC0-301F-11D3-BF4B-00C04F79EFBC}") = "DataBinding.ObjetosDeDatos", "DataBinding.ObjetosDeDatos\DataBinding.ObjetosDeDatos.csproj", "{3C75A36D-BAC2-49BD-9758-48BF998813FE}"
EndProject
Global
	GlobalSection(SolutionConfigurationPlatforms) = preSolution
		Debug|Any CPU = Debug|Any CPU
		Release|Any CPU = Release|Any CPU
	EndGlobalSection
	GlobalSection(ProjectConfigurationPlatforms) = postSolution
		{3C75A36D-BAC2-49BD-9758-48BF998813FE}.Debug|Any CPU.ActiveCfg = Debug|Any CPU
		{3C75A36D-BAC2-49BD-9758-48BF998813FE}.Debug|Any CPU.Build.0 = Debug|Any CPU
		{3C75A36D-BAC2-49BD-9758-48BF998813FE}.Release|Any CPU.ActiveCfg = Release|Any CPU
		{3C75A36D-BAC2-49BD-9758-48BF998813FE}.Release|Any CPU.Build.0 = Release|Any CPU
	EndGlobalSection
	GlobalSection(SolutionProperties) = preSolution
		HideSolutionNode = FALSE
	EndGlobalSection
	GlobalSection(ExtensibilityGlobals) = postSolution
		SolutionGuid = {B41684E2-FAEE-4273-BEF8-D4A11560C85E}
	EndGlobalSection
EndGlobal
